
Microsoft Visual Studio Solution File, Format Version 12.00
# Visual Studio Version 17
VisualStudioVersion = 17.4.33403.182
MinimumVisualStudioVersion = 10.0.40219.1
Project("{FAE04EC0-301F-11D3-BF4B-00C04F79EFBC}") = "TimeLimitedDataProtector.Console", "TimeLimitedDataProtector.Console\TimeLimitedDataProtector.Console.csproj", "{BB62E67D-1202-4114-858D-8F5FDB010B42}"
EndProject
Global
	GlobalSection(SolutionConfigurationPlatforms) = preSolution
		Debug|Any CPU = Debug|Any CPU
		Release|Any CPU = Release|Any CPU
	EndGlobalSection
	GlobalSection(ProjectConfigurationPlatforms) = postSolution
		{BB62E67D-1202-4114-858D-8F5FDB010B42}.Debug|Any CPU.ActiveCfg = Debug|Any CPU
		{BB62E67D-1202-4114-858D-8F5FDB010B42}.Debug|Any CPU.Build.0 = Debug|Any CPU
		{BB62E67D-1202-4114-858D-8F5FDB010B42}.Release|Any CPU.ActiveCfg = Release|Any CPU
		{BB62E67D-1202-4114-858D-8F5FDB010B42}.Release|Any CPU.Build.0 = Release|Any CPU
	EndGlobalSection
	GlobalSection(SolutionProperties) = preSolution
		HideSolutionNode = FALSE
	EndGlobalSection
	GlobalSection(ExtensibilityGlobals) = postSolution
		SolutionGuid = {EB2C3822-86D4-4B88-8791-EABD38DEDDAF}
	EndGlobalSection
EndGlobal
